
Microsoft Visual Studio Solution File, Format Version 12.00
# Visual Studio Version 17
VisualStudioVersion = 17.4.33213.308
MinimumVisualStudioVersion = 10.0.40219.1
Project("{FAE04EC0-301F-11D3-BF4B-00C04F79EFBC}") = "TP4_BD.UWP", "TP4_BD.UWP\TP4_BD.UWP.csproj", "{4FFEFE6B-DD40-40CE-802F-8EEEACA0450D}"
EndProject
Project("{FAE04EC0-301F-11D3-BF4B-00C04F79EFBC}") = "TP4_BD.Android", "TP4_BD.Android\TP4_BD.Android.csproj", "{BED1483A-2992-4866-B4E4-3FD4B7DB23F2}"
EndProject
Project("{FAE04EC0-301F-11D3-BF4B-00C04F79EFBC}") = "TP4_BD", "TP4_BD\TP4_BD.csproj", "{21D431B2-7EFC-42B3-9BE8-E8F7D4F6DE0D}"
EndProject
Global
	GlobalSection(SolutionConfigurationPlatforms) = preSolution
		Debug|Any CPU = Debug|Any CPU
		Debug|ARM = Debug|ARM
		Debug|x64 = Debug|x64
		Debug|x86 = Debug|x86
		Release|Any CPU = Release|Any CPU
		Release|ARM = Release|ARM
		Release|x64 = Release|x64
		Release|x86 = Release|x86
	EndGlobalSection
	GlobalSection(ProjectConfigurationPlatforms) = postSolution
		{4FFEFE6B-DD40-40CE-802F-8EEEACA0450D}.Debug|Any CPU.ActiveCfg = Debug|x64
		{4FFEFE6B-DD40-40CE-802F-8EEEACA0450D}.Debug|Any CPU.Build.0 = Debug|x64
		{4FFEFE6B-DD40-40CE-802F-8EEEACA0450D}.Debug|Any CPU.Deploy.0 = Debug|x64
		{4FFEFE6B-DD40-40CE-802F-8EEEACA0450D}.Debug|ARM.ActiveCfg = Debug|ARM
		{4FFEFE6B-DD40-40CE-802F-8EEEACA0450D}.Debug|ARM.Build.0 = Debug|ARM
		{4FFEFE6B-DD40-40CE-802F-8EEEACA0450D}.Debug|ARM.Deploy.0 = Debug|ARM
		{4FFEFE6B-DD40-40CE-802F-8EEEACA0450D}.Debug|x64.ActiveCfg = Debug|x64
		{4FFEFE6B-DD40-40CE-802F-8EEEACA0450D}.Debug|x64.Build.0 = Debug|x64
		{4FFEFE6B-DD40-40CE-802F-8EEEACA0450D}.Debug|x64.Deploy.0 = Debug|x64
		{4FFEFE6B-DD40-40CE-802F-8EEEACA0450D}.Debug|x86.ActiveCfg = Debug|x86
		{4FFEFE6B-DD40-40CE-802F-8EEEACA0450D}.Debug|x86.Build.0 = Debug|x86
		{4FFEFE6B-DD40-40CE-802F-8EEEACA0450D}.Debug|x86.Deploy.0 = Debug|x86
		{4FFEFE6B-DD40-40CE-802F-8EEEACA0450D}.Release|Any CPU.ActiveCfg = Release|x64
		{4FFEFE6B-DD40-40CE-802F-8EEEACA0450D}.Release|Any CPU.Build.0 = Release|x64
		{4FFEFE6B-DD40-40CE-802F-8EEEACA0450D}.Release|Any CPU.Deploy.0 = Release|x64
		{4FFEFE6B-DD40-40CE-802F-8EEEACA0450D}.Release|ARM.ActiveCfg = Release|ARM
		{4FFEFE6B-DD40-40CE-802F-8EEEACA0450D}.Release|ARM.Build.0 = Release|ARM
		{4FFEFE6B-DD40-40CE-802F-8EEEACA0450D}.Release|ARM.Deploy.0 = Release|ARM
		{4FFEFE6B-DD40-40CE-802F-8EEEACA0450D}.Release|x64.ActiveCfg = Release|x64
		{4FFEFE6B-DD40-40CE-802F-8EEEACA0450D}.Release|x64.Build.0 = Release|x64
		{4FFEFE6B-DD40-40CE-802F-8EEEACA0450D}.Release|x64.Deploy.0 = Release|x64
		{4FFEFE6B-DD40-40CE-802F-8EEEACA0450D}.Release|x86.ActiveCfg = Release|x86
		{4FFEFE6B-DD40-40CE-802F-8EEEACA0450D}.Release|x86.Build.0 = Release|x86
		{4FFEFE6B-DD40-40CE-802F-8EEEACA0450D}.Release|x86.Deploy.0 = Release|x86
		{BED1483A-2992-4866-B4E4-3FD4B7DB23F2}.Debug|Any CPU.ActiveCfg = Debug|Any CPU
		{BED1483A-2992-4866-B4E4-3FD4B7DB23F2}.Debug|Any CPU.Build.0 = Debug|Any CPU
		{BED1483A-2992-4866-B4E4-3FD4B7DB23F2}.Debug|Any CPU.Deploy.0 = Debug|Any CPU
		{BED1483A-2992-4866-B4E4-3FD4B7DB23F2}.Debug|ARM.ActiveCfg = Debug|Any CPU
		{BED1483A-2992-4866-B4E4-3FD4B7DB23F2}.Debug|ARM.Build.0 = Debug|Any CPU
		{BED1483A-2992-4866-B4E4-3FD4B7DB23F2}.Debug|ARM.Deploy.0 = Debug|Any CPU
		{BED1483A-2992-4866-B4E4-3FD4B7DB23F2}.Debug|x64.ActiveCfg = Debug|Any CPU
		{BED1483A-2992-4866-B4E4-3FD4B7DB23F2}.Debug|x64.Build.0 = Debug|Any CPU
		{BED1483A-2992-4866-B4E4-3FD4B7DB23F2}.Debug|x64.Deploy.0 = Debug|Any CPU
		{BED1483A-2992-4866-B4E4-3FD4B7DB23F2}.Debug|x86.ActiveCfg = Debug|Any CPU
		{BED1483A-2992-4866-B4E4-3FD4B7DB23F2}.Debug|x86.Build.0 = Debug|Any CPU
		{BED1483A-2992-4866-B4E4-3FD4B7DB23F2}.Debug|x86.Deploy.0 = Debug|Any CPU
		{BED1483A-2992-4866-B4E4-3FD4B7DB23F2}.Release|Any CPU.ActiveCfg = Release|Any CPU
		{BED1483A-2992-4866-B4E4-3FD4B7DB23F2}.Release|Any CPU.Build.0 = Release|Any CPU
		{BED1483A-2992-4866-B4E4-3FD4B7DB23F2}.Release|Any CPU.Deploy.0 = Release|Any CPU
		{BED1483A-2992-4866-B4E4-3FD4B7DB23F2}.Release|ARM.ActiveCfg = Release|Any CPU
		{BED1483A-2992-4866-B4E4-3FD4B7DB23F2}.Release|ARM.Build.0 = Release|Any CPU
		{BED1483A-2992-4866-B4E4-3FD4B7DB23F2}.Release|ARM.Deploy.0 = Release|Any CPU
		{BED1483A-2992-4866-B4E4-3FD4B7DB23F2}.Release|x64.ActiveCfg = Release|Any CPU
		{BED1483A-2992-4866-B4E4-3FD4B7DB23F2}.Release|x64.Build.0 = Release|Any CPU
		{BED1483A-2992-4866-B4E4-3FD4B7DB23F2}.Release|x64.Deploy.0 = Release|Any CPU
		{BED1483A-2992-4866-B4E4-3FD4B7DB23F2}.Release|x86.ActiveCfg = Release|Any CPU
		{BED1483A-2992-4866-B4E4-3FD4B7DB23F2}.Release|x86.Build.0 = Release|Any CPU
		{BED1483A-2992-4866-B4E4-3FD4B7DB23F2}.Release|x86.Deploy.0 = Release|Any CPU
		{21D431B2-7EFC-42B3-9BE8-E8F7D4F6DE0D}.Debug|Any CPU.ActiveCfg = Debug|Any CPU
		{21D431B2-7EFC-42B3-9BE8-E8F7D4F6DE0D}.Debug|Any CPU.Build.0 = Debug|Any CPU
		{21D431B2-7EFC-42B3-9BE8-E8F7D4F6DE0D}.Debug|Any CPU.Deploy.0 = Debug|Any CPU
		{21D431B2-7EFC-42B3-9BE8-E8F7D4F6DE0D}.Debug|ARM.ActiveCfg = Debug|Any CPU
		{21D431B2-7EFC-42B3-9BE8-E8F7D4F6DE0D}.Debug|ARM.Build.0 = Debug|Any CPU
		{21D431B2-7EFC-42B3-9BE8-E8F7D4F6DE0D}.Debug|ARM.Deploy.0 = Debug|Any CPU
		{21D431B2-7EFC-42B3-9BE8-E8F7D4F6DE0D}.Debug|x64.ActiveCfg = Debug|Any CPU
		{21D431B2-7EFC-42B3-9BE8-E8F7D4F6DE0D}.Debug|x64.Build.0 = Debug|Any CPU
		{21D431B2-7EFC-42B3-9BE8-E8F7D4F6DE0D}.Debug|x64.Deploy.0 = Debug|Any CPU
		{21D431B2-7EFC-42B3-9BE8-E8F7D4F6DE0D}.Debug|x86.ActiveCfg = Debug|Any CPU
		{21D431B2-7EFC-42B3-9BE8-E8F7D4F6DE0D}.Debug|x86.Build.0 = Debug|Any CPU
		{21D431B2-7EFC-42B3-9BE8-E8F7D4F6DE0D}.Debug|x86.Deploy.0 = Debug|Any CPU
		{21D431B2-7EFC-42B3-9BE8-E8F7D4F6DE0D}.Release|Any CPU.ActiveCfg = Release|Any CPU
		{21D431B2-7EFC-42B3-9BE8-E8F7D4F6DE0D}.Release|Any CPU.Build.0 = Release|Any CPU
		{21D431B2-7EFC-42B3-9BE8-E8F7D4F6DE0D}.Release|Any CPU.Deploy.0 = Release|Any CPU
		{21D431B2-7EFC-42B3-9BE8-E8F7D4F6DE0D}.Release|ARM.ActiveCfg = Release|Any CPU
		{21D431B2-7EFC-42B3-9BE8-E8F7D4F6DE0D}.Release|ARM.Build.0 = Release|Any CPU
		{21D431B2-7EFC-42B3-9BE8-E8F7D4F6DE0D}.Release|ARM.Deploy.0 = Release|Any CPU
		{21D431B2-7EFC-42B3-9BE8-E8F7D4F6DE0D}.Release|x64.ActiveCfg = Release|Any CPU
		{21D431B2-7EFC-42B3-9BE8-E8F7D4F6DE0D}.Release|x64.Build.0 = Release|Any CPU
		{21D431B2-7EFC-42B3-9BE8-E8F7D4F6DE0D}.Release|x64.Deploy.0 = Release|Any CPU
		{21D431B2-7EFC-42B3-9BE8-E8F7D4F6DE0D}.Release|x86.ActiveCfg = Release|Any CPU
		{21D431B2-7EFC-42B3-9BE8-E8F7D4F6DE0D}.Release|x86.Build.0 = Release|Any CPU
		{21D431B2-7EFC-42B3-9BE8-E8F7D4F6DE0D}.Release|x86.Deploy.0 = Release|Any CPU
	EndGlobalSection
	GlobalSection(SolutionProperties) = preSolution
		HideSolutionNode = FALSE
	EndGlobalSection
	GlobalSection(ExtensibilityGlobals) = postSolution
		SolutionGuid = {6EE22DB2-D18C-4B21-9FE8-D73A945081C2}
	EndGlobalSection
EndGlobal
